
Microsoft Visual Studio Solution File, Format Version 12.00
# Visual Studio 15
VisualStudioVersion = 15.0.27004.2010
MinimumVisualStudioVersion = 10.0.40219.1
Project("{FAE04EC0-301F-11D3-BF4B-00C04F79EFBC}") = "MobileFinal", "MobileFinal\MobileFinal\MobileFinal.csproj", "{52610C93-0CAB-4596-9C6C-CE9D0AADD298}"
EndProject
Project("{FAE04EC0-301F-11D3-BF4B-00C04F79EFBC}") = "MobileFinal.Android", "MobileFinal\MobileFinal.Android\MobileFinal.Android.csproj", "{FCC62F01-0A34-492C-8116-DF8DCC0B9BB6}"
EndProject
Project("{FAE04EC0-301F-11D3-BF4B-00C04F79EFBC}") = "MobileFinal.iOS", "MobileFinal\MobileFinal.iOS\MobileFinal.iOS.csproj", "{CF064237-D68F-41F2-9CA2-CEA0CE2884BB}"
EndProject
Global
	GlobalSection(SolutionConfigurationPlatforms) = preSolution
		Ad-Hoc|Any CPU = Ad-Hoc|Any CPU
		Ad-Hoc|iPhone = Ad-Hoc|iPhone
		Ad-Hoc|iPhoneSimulator = Ad-Hoc|iPhoneSimulator
		AppStore|Any CPU = AppStore|Any CPU
		AppStore|iPhone = AppStore|iPhone
		AppStore|iPhoneSimulator = AppStore|iPhoneSimulator
		Debug|Any CPU = Debug|Any CPU
		Debug|iPhone = Debug|iPhone
		Debug|iPhoneSimulator = Debug|iPhoneSimulator
		Release|Any CPU = Release|Any CPU
		Release|iPhone = Release|iPhone
		Release|iPhoneSimulator = Release|iPhoneSimulator
	EndGlobalSection
	GlobalSection(ProjectConfigurationPlatforms) = postSolution
		{52610C93-0CAB-4596-9C6C-CE9D0AADD298}.Ad-Hoc|Any CPU.ActiveCfg = Debug|Any CPU
		{52610C93-0CAB-4596-9C6C-CE9D0AADD298}.Ad-Hoc|Any CPU.Build.0 = Debug|Any CPU
		{52610C93-0CAB-4596-9C6C-CE9D0AADD298}.Ad-Hoc|iPhone.ActiveCfg = Debug|Any CPU
		{52610C93-0CAB-4596-9C6C-CE9D0AADD298}.Ad-Hoc|iPhone.Build.0 = Debug|Any CPU
		{52610C93-0CAB-4596-9C6C-CE9D0AADD298}.Ad-Hoc|iPhoneSimulator.ActiveCfg = Debug|Any CPU
		{52610C93-0CAB-4596-9C6C-CE9D0AADD298}.Ad-Hoc|iPhoneSimulator.Build.0 = Debug|Any CPU
		{52610C93-0CAB-4596-9C6C-CE9D0AADD298}.AppStore|Any CPU.ActiveCfg = Debug|Any CPU
		{52610C93-0CAB-4596-9C6C-CE9D0AADD298}.AppStore|Any CPU.Build.0 = Debug|Any CPU
		{52610C93-0CAB-4596-9C6C-CE9D0AADD298}.AppStore|iPhone.ActiveCfg = Debug|Any CPU
		{52610C93-0CAB-4596-9C6C-CE9D0AADD298}.AppStore|iPhone.Build.0 = Debug|Any CPU
		{52610C93-0CAB-4596-9C6C-CE9D0AADD298}.AppStore|iPhoneSimulator.ActiveCfg = Debug|Any CPU
		{52610C93-0CAB-4596-9C6C-CE9D0AADD298}.AppStore|iPhoneSimulator.Build.0 = Debug|Any CPU
		{52610C93-0CAB-4596-9C6C-CE9D0AADD298}.Debug|Any CPU.ActiveCfg = Debug|Any CPU
		{52610C93-0CAB-4596-9C6C-CE9D0AADD298}.Debug|Any CPU.Build.0 = Debug|Any CPU
		{52610C93-0CAB-4596-9C6C-CE9D0AADD298}.Debug|iPhone.ActiveCfg = Debug|Any CPU
		{52610C93-0CAB-4596-9C6C-CE9D0AADD298}.Debug|iPhone.Build.0 = Debug|Any CPU
		{52610C93-0CAB-4596-9C6C-CE9D0AADD298}.Debug|iPhoneSimulator.ActiveCfg = Debug|Any CPU
		{52610C93-0CAB-4596-9C6C-CE9D0AADD298}.Debug|iPhoneSimulator.Build.0 = Debug|Any CPU
		{52610C93-0CAB-4596-9C6C-CE9D0AADD298}.Release|Any CPU.ActiveCfg = Release|Any CPU
		{52610C93-0CAB-4596-9C6C-CE9D0AADD298}.Release|Any CPU.Build.0 = Release|Any CPU
		{52610C93-0CAB-4596-9C6C-CE9D0AADD298}.Release|iPhone.ActiveCfg = Release|Any CPU
		{52610C93-0CAB-4596-9C6C-CE9D0AADD298}.Release|iPhone.Build.0 = Release|Any CPU
		{52610C93-0CAB-4596-9C6C-CE9D0AADD298}.Release|iPhoneSimulator.ActiveCfg = Release|Any CPU
		{52610C93-0CAB-4596-9C6C-CE9D0AADD298}.Release|iPhoneSimulator.Build.0 = Release|Any CPU
		{FCC62F01-0A34-492C-8116-DF8DCC0B9BB6}.Ad-Hoc|Any CPU.ActiveCfg = Release|Any CPU
		{FCC62F01-0A34-492C-8116-DF8DCC0B9BB6}.Ad-Hoc|Any CPU.Build.0 = Release|Any CPU
		{FCC62F01-0A34-492C-8116-DF8DCC0B9BB6}.Ad-Hoc|Any CPU.Deploy.0 = Release|Any CPU
		{FCC62F01-0A34-492C-8116-DF8DCC0B9BB6}.Ad-Hoc|iPhone.ActiveCfg = Release|Any CPU
		{FCC62F01-0A34-492C-8116-DF8DCC0B9BB6}.Ad-Hoc|iPhone.Build.0 = Release|Any CPU
		{FCC62F01-0A34-492C-8116-DF8DCC0B9BB6}.Ad-Hoc|iPhone.Deploy.0 = Release|Any CPU
		{FCC62F01-0A34-492C-8116-DF8DCC0B9BB6}.Ad-Hoc|iPhoneSimulator.ActiveCfg = Release|Any CPU
		{FCC62F01-0A34-492C-8116-DF8DCC0B9BB6}.Ad-Hoc|iPhoneSimulator.Build.0 = Release|Any CPU
		{FCC62F01-0A34-492C-8116-DF8DCC0B9BB6}.Ad-Hoc|iPhoneSimulator.Deploy.0 = Release|Any CPU
		{FCC62F01-0A34-492C-8116-DF8DCC0B9BB6}.AppStore|Any CPU.ActiveCfg = Release|Any CPU
		{FCC62F01-0A34-492C-8116-DF8DCC0B9BB6}.AppStore|Any CPU.Build.0 = Release|Any CPU
		{FCC62F01-0A34-492C-8116-DF8DCC0B9BB6}.AppStore|Any CPU.Deploy.0 = Release|Any CPU
		{FCC62F01-0A34-492C-8116-DF8DCC0B9BB6}.AppStore|iPhone.ActiveCfg = Release|Any CPU
		{FCC62F01-0A34-492C-8116-DF8DCC0B9BB6}.AppStore|iPhone.Build.0 = Release|Any CPU
		{FCC62F01-0A34-492C-8116-DF8DCC0B9BB6}.AppStore|iPhone.Deploy.0 = Release|Any CPU
		{FCC62F01-0A34-492C-8116-DF8DCC0B9BB6}.AppStore|iPhoneSimulator.ActiveCfg = Release|Any CPU
		{FCC62F01-0A34-492C-8116-DF8DCC0B9BB6}.AppStore|iPhoneSimulator.Build.0 = Release|Any CPU
		{FCC62F01-0A34-492C-8116-DF8DCC0B9BB6}.AppStore|iPhoneSimulator.Deploy.0 = Release|Any CPU
		{FCC62F01-0A34-492C-8116-DF8DCC0B9BB6}.Debug|Any CPU.ActiveCfg = Debug|Any CPU
		{FCC62F01-0A34-492C-8116-DF8DCC0B9BB6}.Debug|Any CPU.Build.0 = Debug|Any CPU
		{FCC62F01-0A34-492C-8116-DF8DCC0B9BB6}.Debug|Any CPU.Deploy.0 = Debug|Any CPU
		{FCC62F01-0A34-492C-8116-DF8DCC0B9BB6}.Debug|iPhone.ActiveCfg = Debug|Any CPU
		{FCC62F01-0A34-492C-8116-DF8DCC0B9BB6}.Debug|iPhone.Build.0 = Debug|Any CPU
		{FCC62F01-0A34-492C-8116-DF8DCC0B9BB6}.Debug|iPhone.Deploy.0 = Debug|Any CPU
		{FCC62F01-0A34-492C-8116-DF8DCC0B9BB6}.Debug|iPhoneSimulator.ActiveCfg = Debug|Any CPU
		{FCC62F01-0A34-492C-8116-DF8DCC0B9BB6}.Debug|iPhoneSimulator.Build.0 = Debug|Any CPU
		{FCC62F01-0A34-492C-8116-DF8DCC0B9BB6}.Debug|iPhoneSimulator.Deploy.0 = Debug|Any CPU
		{FCC62F01-0A34-492C-8116-DF8DCC0B9BB6}.Release|Any CPU.ActiveCfg = Release|Any CPU
		{FCC62F01-0A34-492C-8116-DF8DCC0B9BB6}.Release|Any CPU.Build.0 = Release|Any CPU
		{FCC62F01-0A34-492C-8116-DF8DCC0B9BB6}.Release|Any CPU.Deploy.0 = Release|Any CPU
		{FCC62F01-0A34-492C-8116-DF8DCC0B9BB6}.Release|iPhone.ActiveCfg = Release|Any CPU
		{FCC62F01-0A34-492C-8116-DF8DCC0B9BB6}.Release|iPhone.Build.0 = Release|Any CPU
		{FCC62F01-0A34-492C-8116-DF8DCC0B9BB6}.Release|iPhone.Deploy.0 = Release|Any CPU
		{FCC62F01-0A34-492C-8116-DF8DCC0B9BB6}.Release|iPhoneSimulator.ActiveCfg = Release|Any CPU
		{FCC62F01-0A34-492C-8116-DF8DCC0B9BB6}.Release|iPhoneSimulator.Build.0 = Release|Any CPU
		{FCC62F01-0A34-492C-8116-DF8DCC0B9BB6}.Release|iPhoneSimulator.Deploy.0 = Release|Any CPU
		{CF064237-D68F-41F2-9CA2-CEA0CE2884BB}.Ad-Hoc|Any CPU.ActiveCfg = Ad-Hoc|iPhone
		{CF064237-D68F-41F2-9CA2-CEA0CE2884BB}.Ad-Hoc|iPhone.ActiveCfg = Ad-Hoc|iPhone
		{CF064237-D68F-41F2-9CA2-CEA0CE2884BB}.Ad-Hoc|iPhone.Build.0 = Ad-Hoc|iPhone
		{CF064237-D68F-41F2-9CA2-CEA0CE2884BB}.Ad-Hoc|iPhoneSimulator.ActiveCfg = Ad-Hoc|iPhoneSimulator
		{CF064237-D68F-41F2-9CA2-CEA0CE2884BB}.Ad-Hoc|iPhoneSimulator.Build.0 = Ad-Hoc|iPhoneSimulator
		{CF064237-D68F-41F2-9CA2-CEA0CE2884BB}.AppStore|Any CPU.ActiveCfg = AppStore|iPhone
		{CF064237-D68F-41F2-9CA2-CEA0CE2884BB}.AppStore|iPhone.ActiveCfg = AppStore|iPhone
		{CF064237-D68F-41F2-9CA2-CEA0CE2884BB}.AppStore|iPhone.Build.0 = AppStore|iPhone
		{CF064237-D68F-41F2-9CA2-CEA0CE2884BB}.AppStore|iPhoneSimulator.ActiveCfg = AppStore|iPhoneSimulator
		{CF064237-D68F-41F2-9CA2-CEA0CE2884BB}.AppStore|iPhoneSimulator.Build.0 = AppStore|iPhoneSimulator
		{CF064237-D68F-41F2-9CA2-CEA0CE2884BB}.Debug|Any CPU.ActiveCfg = Debug|iPhone
		{CF064237-D68F-41F2-9CA2-CEA0CE2884BB}.Debug|iPhone.ActiveCfg = Debug|iPhone
		{CF064237-D68F-41F2-9CA2-CEA0CE2884BB}.Debug|iPhone.Build.0 = Debug|iPhone
		{CF064237-D68F-41F2-9CA2-CEA0CE2884BB}.Debug|iPhoneSimulator.ActiveCfg = Debug|iPhoneSimulator
		{CF064237-D68F-41F2-9CA2-CEA0CE2884BB}.Debug|iPhoneSimulator.Build.0 = Debug|iPhoneSimulator
		{CF064237-D68F-41F2-9CA2-CEA0CE2884BB}.Release|Any CPU.ActiveCfg = Release|iPhone
		{CF064237-D68F-41F2-9CA2-CEA0CE2884BB}.Release|iPhone.ActiveCfg = Release|iPhone
		{CF064237-D68F-41F2-9CA2-CEA0CE2884BB}.Release|iPhone.Build.0 = Release|iPhone
		{CF064237-D68F-41F2-9CA2-CEA0CE2884BB}.Release|iPhoneSimulator.ActiveCfg = Release|iPhoneSimulator
		{CF064237-D68F-41F2-9CA2-CEA0CE2884BB}.Release|iPhoneSimulator.Build.0 = Release|iPhoneSimulator
	EndGlobalSection
	GlobalSection(SolutionProperties) = preSolution
		HideSolutionNode = FALSE
	EndGlobalSection
	GlobalSection(ExtensibilityGlobals) = postSolution
		SolutionGuid = {1D2BB655-2909-4C92-BC54-512DA23BE6BD}
	EndGlobalSection
EndGlobal
